
Microsoft Visual Studio Solution File, Format Version 12.00
# Visual Studio Version 17
VisualStudioVersion = 17.0.31903.59
MinimumVisualStudioVersion = 10.0.40219.1
Project("{FAE04EC0-301F-11D3-BF4B-00C04F79EFBC}") = "InsecureProject", "Server\InsecureProject.csproj", "{038E1CCB-0710-459A-903A-BDA528BA2FE3}"
EndProject
Project("{2150E333-8FDC-42A3-9474-1A3956D46DE8}") = "Tests", "Tests", "{8148A453-6CE9-401D-8CD5-ECEDAC1B149A}"
EndProject
Project("{FAE04EC0-301F-11D3-BF4B-00C04F79EFBC}") = "ServerTests", "Tests\ServerTests\ServerTests.csproj", "{B55CE240-E38E-4E2D-B433-FED4954041B0}"
EndProject
Global
	GlobalSection(SolutionConfigurationPlatforms) = preSolution
		Debug|Any CPU = Debug|Any CPU
		Release|Any CPU = Release|Any CPU
	EndGlobalSection
	GlobalSection(SolutionProperties) = preSolution
		HideSolutionNode = FALSE
	EndGlobalSection
	GlobalSection(ProjectConfigurationPlatforms) = postSolution
		{038E1CCB-0710-459A-903A-BDA528BA2FE3}.Debug|Any CPU.ActiveCfg = Debug|Any CPU
		{038E1CCB-0710-459A-903A-BDA528BA2FE3}.Debug|Any CPU.Build.0 = Debug|Any CPU
		{038E1CCB-0710-459A-903A-BDA528BA2FE3}.Release|Any CPU.ActiveCfg = Release|Any CPU
		{038E1CCB-0710-459A-903A-BDA528BA2FE3}.Release|Any CPU.Build.0 = Release|Any CPU
		{B55CE240-E38E-4E2D-B433-FED4954041B0}.Debug|Any CPU.ActiveCfg = Debug|Any CPU
		{B55CE240-E38E-4E2D-B433-FED4954041B0}.Debug|Any CPU.Build.0 = Debug|Any CPU
		{B55CE240-E38E-4E2D-B433-FED4954041B0}.Release|Any CPU.ActiveCfg = Release|Any CPU
		{B55CE240-E38E-4E2D-B433-FED4954041B0}.Release|Any CPU.Build.0 = Release|Any CPU
	EndGlobalSection
	GlobalSection(NestedProjects) = preSolution
		{B55CE240-E38E-4E2D-B433-FED4954041B0} = {8148A453-6CE9-401D-8CD5-ECEDAC1B149A}
	EndGlobalSection
EndGlobal
